{
  "originHash" : "fbd9878878133309570b047b11f57a737e995fb2bc7eba51a820ab14bf03a929",
  "pins" : [
    {
      "identity" : "persianjustify",
      "kind" : "remoteSourceControl",
      "location" : "https://github.com/HappyIosDeveloper/PersianJustify",
      "state" : {
        "revision" : "e49d34a87fe62ce9ee478cf9e063310370be5d0c",
        "version" : "0.3.0"
      }
    }
  ],
  "version" : 3
}
