{
  "object": {
    "pins": [
      {
        "package": "FontBlaster",
        "repositoryURL": "https://github.com/ArtSabintsev/FontBlaster",
        "state": {
          "branch": null,
          "revision": "09fffe9cf20293fce81ce7154b46f8e60291baa8",
          "version": "5.3.0"
        }
      },
      {
        "package": "swift-snapshot-testing",
        "repositoryURL": "https://github.com/pointfreeco/swift-snapshot-testing",
        "state": {
          "branch": null,
          "revision": "5b0c434778f2c1a4c9b5ebdb8682b28e84dd69bd",
          "version": "1.15.4"
        }
      },
      {
        "package": "swift-syntax",
        "repositoryURL": "https://github.com/apple/swift-syntax",
        "state": {
          "branch": null,
          "revision": "6ad4ea24b01559dde0773e3d091f1b9e36175036",
          "version": "509.0.2"
        }
      }
    ]
  },
  "version": 1
}
